{
  "name": "nomo",
  "lockfileVersion": 3,
  "requires": true,
  "packages": {
    "": {
      "dependencies": {
        "esm-potrace-wasm": "^0.5.1"
      }
    },
    "node_modules/esm-potrace-wasm": {
      "version": "0.5.1",
      "resolved": "https://registry.npmjs.org/esm-potrace-wasm/-/esm-potrace-wasm-0.5.1.tgz",
      "integrity": "sha512-FQRYdusO24eILzBoa5uUSdFjH2I9wgOE+Ex1/tfj8l9+4OIsrMPSi+eJ4wR2FBfUq4thHDL2bFtxYQCxVZ7grQ==",
      "license": "GPL-2.0"
    }
  }
}
